// !$*UTF8*$!
{
	archiveVersion = 1;
	classes = {
	};
	objectVersion = 50;
	objects = {

/* Begin PBXBuildFile section */
		6A1C622F22F1886200D9425D /* AppDelegate.swift in Sources */ = {isa = PBXBuildFile; fileRef = 6A1C622E22F1886200D9425D /* AppDelegate.swift */; };
		6A1C623122F1886200D9425D /* ViewController.swift in Sources */ = {isa = PBXBuildFile; fileRef = 6A1C623022F1886200D9425D /* ViewController.swift */; };
		6A1C623422F1886200D9425D /* Main.storyboard in Resources */ = {isa = PBXBuildFile; fileRef = 6A1C623222F1886200D9425D /* Main.storyboard */; };
		6A1C623622F1886800D9425D /* Assets.xcassets in Resources */ = {isa = PBXBuildFile; fileRef = 6A1C623522F1886800D9425D /* Assets.xcassets */; };
		6A1C623922F1886800D9425D /* LaunchScreen.storyboard in Resources */ = {isa = PBXBuildFile; fileRef = 6A1C623722F1886800D9425D /* LaunchScreen.storyboard */; };
		6A1C624522F18C6700D9425D /* WeatherList.storyboard in Resources */ = {isa = PBXBuildFile; fileRef = 6A1C624422F18C6700D9425D /* WeatherList.storyboard */; };
		6A1C624722F18CD100D9425D /* WeatherListViewController.swift in Sources */ = {isa = PBXBuildFile; fileRef = 6A1C624622F18CD100D9425D /* WeatherListViewController.swift */; };
		6A1C624A22F18E4E00D9425D /* WeatherListTableViewCell.swift in Sources */ = {isa = PBXBuildFile; fileRef = 6A1C624822F18E4E00D9425D /* WeatherListTableViewCell.swift */; };
		6A1C624B22F18E4E00D9425D /* WeatherListTableViewCell.xib in Resources */ = {isa = PBXBuildFile; fileRef = 6A1C624922F18E4E00D9425D /* WeatherListTableViewCell.xib */; };
		6A1C624D22F18EE400D9425D /* CellReusable.swift in Sources */ = {isa = PBXBuildFile; fileRef = 6A1C624C22F18EE400D9425D /* CellReusable.swift */; };
		6A1C624F22F190A600D9425D /* NibLoadable.swift in Sources */ = {isa = PBXBuildFile; fileRef = 6A1C624E22F190A600D9425D /* NibLoadable.swift */; };
		6A1C625222F1981300D9425D /* WeatherListSettingTableViewCell.swift in Sources */ = {isa = PBXBuildFile; fileRef = 6A1C625022F1981300D9425D /* WeatherListSettingTableViewCell.swift */; };
		6A1C625322F1981300D9425D /* WeatherListSettingTableViewCell.xib in Resources */ = {isa = PBXBuildFile; fileRef = 6A1C625122F1981300D9425D /* WeatherListSettingTableViewCell.xib */; };
		6A1C625722F19CBA00D9425D /* Enum+WeatherList.swift in Sources */ = {isa = PBXBuildFile; fileRef = 6A1C625622F19CBA00D9425D /* Enum+WeatherList.swift */; };
		6A1C625922F1AC3E00D9425D /* CurrentWeather.storyboard in Resources */ = {isa = PBXBuildFile; fileRef = 6A1C625822F1AC3E00D9425D /* CurrentWeather.storyboard */; };
		6A1C625B22F1AE0F00D9425D /* CurrentViewController.swift in Sources */ = {isa = PBXBuildFile; fileRef = 6A1C625A22F1AE0F00D9425D /* CurrentViewController.swift */; };
		6A1C625D22F1B29500D9425D /* Weather.swift in Sources */ = {isa = PBXBuildFile; fileRef = 6A1C625C22F1B29500D9425D /* Weather.swift */; };
		6A1C626022F1F85600D9425D /* APICenter.swift in Sources */ = {isa = PBXBuildFile; fileRef = 6A1C625F22F1F85600D9425D /* APICenter.swift */; };
		6A1C626222F1F97800D9425D /* APIError.swift in Sources */ = {isa = PBXBuildFile; fileRef = 6A1C626122F1F97800D9425D /* APIError.swift */; };
		6A1C626422F1FB3000D9425D /* APIRequest.swift in Sources */ = {isa = PBXBuildFile; fileRef = 6A1C626322F1FB3000D9425D /* APIRequest.swift */; };
		6A1C626622F2915400D9425D /* APIResponse.swift in Sources */ = {isa = PBXBuildFile; fileRef = 6A1C626522F2915400D9425D /* APIResponse.swift */; };
		6A1C626822F2D3C700D9425D /* SearchCitiesViewController.swift in Sources */ = {isa = PBXBuildFile; fileRef = 6A1C626722F2D3C700D9425D /* SearchCitiesViewController.swift */; };
		6A1C626D22F3F9AB00D9425D /* Extension+Double.swift in Sources */ = {isa = PBXBuildFile; fileRef = 6A1C626C22F3F9AB00D9425D /* Extension+Double.swift */; };
		6A1C627322F4AF8300D9425D /* BaseURL.swift in Sources */ = {isa = PBXBuildFile; fileRef = 6A1C627222F4AF8300D9425D /* BaseURL.swift */; };
		6A1C627522F56F2000D9425D /* Protocol+SelectWeather.swift in Sources */ = {isa = PBXBuildFile; fileRef = 6A1C627422F56F2000D9425D /* Protocol+SelectWeather.swift */; };
		6A1C627822F5EB8400D9425D /* NotificationKeys.swift in Sources */ = {isa = PBXBuildFile; fileRef = 6A1C627722F5EB8400D9425D /* NotificationKeys.swift */; };
/* End PBXBuildFile section */

/* Begin PBXFileReference section */
		6A1C622B22F1886200D9425D /* WeatherAPP.app */ = {isa = PBXFileReference; explicitFileType = wrapper.application; includeInIndex = 0; path = WeatherAPP.app; sourceTree = BUILT_PRODUCTS_DIR; };
		6A1C622E22F1886200D9425D /* AppDelegate.swift */ = {isa = PBXFileReference; lastKnownFileType = sourcecode.swift; path = AppDelegate.swift; sourceTree = "<group>"; };
		6A1C623022F1886200D9425D /* ViewController.swift */ = {isa = PBXFileReference; lastKnownFileType = sourcecode.swift; path = ViewController.swift; sourceTree = "<group>"; };
		6A1C623322F1886200D9425D /* Base */ = {isa = PBXFileReference; lastKnownFileType = file.storyboard; name = Base; path = Base.lproj/Main.storyboard; sourceTree = "<group>"; };
		6A1C623522F1886800D9425D /* Assets.xcassets */ = {isa = PBXFileReference; lastKnownFileType = folder.assetcatalog; path = Assets.xcassets; sourceTree = "<group>"; };
		6A1C623822F1886800D9425D /* Base */ = {isa = PBXFileReference; lastKnownFileType = file.storyboard; name = Base; path = Base.lproj/LaunchScreen.storyboard; sourceTree = "<group>"; };
		6A1C623A22F1886800D9425D /* Info.plist */ = {isa = PBXFileReference; lastKnownFileType = text.plist.xml; path = Info.plist; sourceTree = "<group>"; };
		6A1C624422F18C6700D9425D /* WeatherList.storyboard */ = {isa = PBXFileReference; lastKnownFileType = file.storyboard; path = WeatherList.storyboard; sourceTree = "<group>"; };
		6A1C624622F18CD100D9425D /* WeatherListViewController.swift */ = {isa = PBXFileReference; lastKnownFileType = sourcecode.swift; path = WeatherListViewController.swift; sourceTree = "<group>"; };
		6A1C624822F18E4E00D9425D /* WeatherListTableViewCell.swift */ = {isa = PBXFileReference; lastKnownFileType = sourcecode.swift; path = WeatherListTableViewCell.swift; sourceTree = "<group>"; };
		6A1C624922F18E4E00D9425D /* WeatherListTableViewCell.xib */ = {isa = PBXFileReference; lastKnownFileType = file.xib; path = WeatherListTableViewCell.xib; sourceTree = "<group>"; };
		6A1C624C22F18EE400D9425D /* CellReusable.swift */ = {isa = PBXFileReference; lastKnownFileType = sourcecode.swift; path = CellReusable.swift; sourceTree = "<group>"; };
		6A1C624E22F190A600D9425D /* NibLoadable.swift */ = {isa = PBXFileReference; lastKnownFileType = sourcecode.swift; path = NibLoadable.swift; sourceTree = "<group>"; };
		6A1C625022F1981300D9425D /* WeatherListSettingTableViewCell.swift */ = {isa = PBXFileReference; lastKnownFileType = sourcecode.swift; path = WeatherListSettingTableViewCell.swift; sourceTree = "<group>"; };
		6A1C625122F1981300D9425D /* WeatherListSettingTableViewCell.xib */ = {isa = PBXFileReference; lastKnownFileType = file.xib; path = WeatherListSettingTableViewCell.xib; sourceTree = "<group>"; };
		6A1C625622F19CBA00D9425D /* Enum+WeatherList.swift */ = {isa = PBXFileReference; lastKnownFileType = sourcecode.swift; path = "Enum+WeatherList.swift"; sourceTree = "<group>"; };
		6A1C625822F1AC3E00D9425D /* CurrentWeather.storyboard */ = {isa = PBXFileReference; lastKnownFileType = file.storyboard; path = CurrentWeather.storyboard; sourceTree = "<group>"; };
		6A1C625A22F1AE0F00D9425D /* CurrentViewController.swift */ = {isa = PBXFileReference; lastKnownFileType = sourcecode.swift; path = CurrentViewController.swift; sourceTree = "<group>"; };
		6A1C625C22F1B29500D9425D /* Weather.swift */ = {isa = PBXFileReference; lastKnownFileType = sourcecode.swift; path = Weather.swift; sourceTree = "<group>"; };
		6A1C625F22F1F85600D9425D /* APICenter.swift */ = {isa = PBXFileReference; lastKnownFileType = sourcecode.swift; path = APICenter.swift; sourceTree = "<group>"; };
		6A1C626122F1F97800D9425D /* APIError.swift */ = {isa = PBXFileReference; lastKnownFileType = sourcecode.swift; path = APIError.swift; sourceTree = "<group>"; };
		6A1C626322F1FB3000D9425D /* APIRequest.swift */ = {isa = PBXFileReference; lastKnownFileType = sourcecode.swift; path = APIRequest.swift; sourceTree = "<group>"; };
		6A1C626522F2915400D9425D /* APIResponse.swift */ = {isa = PBXFileReference; lastKnownFileType = sourcecode.swift; path = APIResponse.swift; sourceTree = "<group>"; };
		6A1C626722F2D3C700D9425D /* SearchCitiesViewController.swift */ = {isa = PBXFileReference; lastKnownFileType = sourcecode.swift; path = SearchCitiesViewController.swift; sourceTree = "<group>"; };
		6A1C626C22F3F9AB00D9425D /* Extension+Double.swift */ = {isa = PBXFileReference; lastKnownFileType = sourcecode.swift; path = "Extension+Double.swift"; sourceTree = "<group>"; };
		6A1C627222F4AF8300D9425D /* BaseURL.swift */ = {isa = PBXFileReference; lastKnownFileType = sourcecode.swift; path = BaseURL.swift; sourceTree = "<group>"; };
		6A1C627422F56F2000D9425D /* Protocol+SelectWeather.swift */ = {isa = PBXFileReference; lastKnownFileType = sourcecode.swift; path = "Protocol+SelectWeather.swift"; sourceTree = "<group>"; };
		6A1C627722F5EB8400D9425D /* NotificationKeys.swift */ = {isa = PBXFileReference; lastKnownFileType = sourcecode.swift; path = NotificationKeys.swift; sourceTree = "<group>"; };
/* End PBXFileReference section */

/* Begin PBXFrameworksBuildPhase section */
		6A1C622822F1886200D9425D /* Frameworks */ = {
			isa = PBXFrameworksBuildPhase;
			buildActionMask = 2147483647;
			files = (
			);
			runOnlyForDeploymentPostprocessing = 0;
		};
/* End PBXFrameworksBuildPhase section */

/* Begin PBXGroup section */
		6A1C622222F1886200D9425D = {
			isa = PBXGroup;
			children = (
				6A1C622D22F1886200D9425D /* WeatherAPP */,
				6A1C622C22F1886200D9425D /* Products */,
			);
			sourceTree = "<group>";
		};
		6A1C622C22F1886200D9425D /* Products */ = {
			isa = PBXGroup;
			children = (
				6A1C622B22F1886200D9425D /* WeatherAPP.app */,
			);
			name = Products;
			sourceTree = "<group>";
		};
		6A1C622D22F1886200D9425D /* WeatherAPP */ = {
			isa = PBXGroup;
			children = (
				6A1C625E22F1F7A100D9425D /* Networking */,
				6A1C624322F18C0E00D9425D /* Helper */,
				6A1C624222F18C0A00D9425D /* Controller */,
				6A1C624122F18C0500D9425D /* View */,
				6A1C624022F18C0100D9425D /* Model */,
				6A1C622E22F1886200D9425D /* AppDelegate.swift */,
				6A1C623022F1886200D9425D /* ViewController.swift */,
				6A1C623222F1886200D9425D /* Main.storyboard */,
				6A1C623522F1886800D9425D /* Assets.xcassets */,
				6A1C623722F1886800D9425D /* LaunchScreen.storyboard */,
				6A1C623A22F1886800D9425D /* Info.plist */,
			);
			path = WeatherAPP;
			sourceTree = "<group>";
		};
		6A1C624022F18C0100D9425D /* Model */ = {
			isa = PBXGroup;
			children = (
				6A1C625C22F1B29500D9425D /* Weather.swift */,
			);
			path = Model;
			sourceTree = "<group>";
		};
		6A1C624122F18C0500D9425D /* View */ = {
			isa = PBXGroup;
			children = (
				6A1C627622F5A14700D9425D /* Weather */,
				6A1C624422F18C6700D9425D /* WeatherList.storyboard */,
				6A1C624822F18E4E00D9425D /* WeatherListTableViewCell.swift */,
				6A1C624922F18E4E00D9425D /* WeatherListTableViewCell.xib */,
				6A1C625022F1981300D9425D /* WeatherListSettingTableViewCell.swift */,
				6A1C625122F1981300D9425D /* WeatherListSettingTableViewCell.xib */,
				6A1C625822F1AC3E00D9425D /* CurrentWeather.storyboard */,
			);
			path = View;
			sourceTree = "<group>";
		};
		6A1C624222F18C0A00D9425D /* Controller */ = {
			isa = PBXGroup;
			children = (
				6A1C624622F18CD100D9425D /* WeatherListViewController.swift */,
				6A1C625A22F1AE0F00D9425D /* CurrentViewController.swift */,
				6A1C626722F2D3C700D9425D /* SearchCitiesViewController.swift */,
			);
			path = Controller;
			sourceTree = "<group>";
		};
		6A1C624322F18C0E00D9425D /* Helper */ = {
			isa = PBXGroup;
			children = (
				6A1C626922F3EC0B00D9425D /* Extension */,
				6A1C625522F19C8300D9425D /* Enum */,
				6A1C625422F19C7B00D9425D /* Protocol */,
				6A1C627722F5EB8400D9425D /* NotificationKeys.swift */,
			);
			path = Helper;
			sourceTree = "<group>";
		};
		6A1C625422F19C7B00D9425D /* Protocol */ = {
			isa = PBXGroup;
			children = (
				6A1C624C22F18EE400D9425D /* CellReusable.swift */,
				6A1C624E22F190A600D9425D /* NibLoadable.swift */,
				6A1C627422F56F2000D9425D /* Protocol+SelectWeather.swift */,
			);
			path = Protocol;
			sourceTree = "<group>";
		};
		6A1C625522F19C8300D9425D /* Enum */ = {
			isa = PBXGroup;
			children = (
				6A1C625622F19CBA00D9425D /* Enum+WeatherList.swift */,
			);
			path = Enum;
			sourceTree = "<group>";
		};
		6A1C625E22F1F7A100D9425D /* Networking */ = {
			isa = PBXGroup;
			children = (
				6A1C625F22F1F85600D9425D /* APICenter.swift */,
				6A1C626122F1F97800D9425D /* APIError.swift */,
				6A1C626322F1FB3000D9425D /* APIRequest.swift */,
				6A1C626522F2915400D9425D /* APIResponse.swift */,
				6A1C627222F4AF8300D9425D /* BaseURL.swift */,
			);
			path = Networking;
			sourceTree = "<group>";
		};
		6A1C626922F3EC0B00D9425D /* Extension */ = {
			isa = PBXGroup;
			children = (
				6A1C626C22F3F9AB00D9425D /* Extension+Double.swift */,
			);
			path = Extension;
			sourceTree = "<group>";
		};
		6A1C627622F5A14700D9425D /* Weather */ = {
			isa = PBXGroup;
			children = (
			);
			path = Weather;
			sourceTree = "<group>";
		};
/* End PBXGroup section */

/* Begin PBXNativeTarget section */
		6A1C622A22F1886200D9425D /* WeatherAPP */ = {
			isa = PBXNativeTarget;
			buildConfigurationList = 6A1C623D22F1886800D9425D /* Build configuration list for PBXNativeTarget "WeatherAPP" */;
			buildPhases = (
				6A1C622722F1886200D9425D /* Sources */,
				6A1C622822F1886200D9425D /* Frameworks */,
				6A1C622922F1886200D9425D /* Resources */,
			);
			buildRules = (
			);
			dependencies = (
			);
			name = WeatherAPP;
			productName = WeatherAPP;
			productReference = 6A1C622B22F1886200D9425D /* WeatherAPP.app */;
			productType = "com.apple.product-type.application";
		};
/* End PBXNativeTarget section */

/* Begin PBXProject section */
		6A1C622322F1886200D9425D /* Project object */ = {
			isa = PBXProject;
			attributes = {
				LastSwiftUpdateCheck = 1020;
				LastUpgradeCheck = 1020;
				ORGANIZATIONNAME = "hyeri kim";
				TargetAttributes = {
					6A1C622A22F1886200D9425D = {
						CreatedOnToolsVersion = 10.2.1;
					};
				};
			};
			buildConfigurationList = 6A1C622622F1886200D9425D /* Build configuration list for PBXProject "WeatherAPP" */;
			compatibilityVersion = "Xcode 9.3";
			developmentRegion = en;
			hasScannedForEncodings = 0;
			knownRegions = (
				en,
				Base,
			);
			mainGroup = 6A1C622222F1886200D9425D;
			productRefGroup = 6A1C622C22F1886200D9425D /* Products */;
			projectDirPath = "";
			projectRoot = "";
			targets = (
				6A1C622A22F1886200D9425D /* WeatherAPP */,
			);
		};
/* End PBXProject section */

/* Begin PBXResourcesBuildPhase section */
		6A1C622922F1886200D9425D /* Resources */ = {
			isa = PBXResourcesBuildPhase;
			buildActionMask = 2147483647;
			files = (
				6A1C623922F1886800D9425D /* LaunchScreen.storyboard in Resources */,
				6A1C624522F18C6700D9425D /* WeatherList.storyboard in Resources */,
				6A1C623622F1886800D9425D /* Assets.xcassets in Resources */,
				6A1C625922F1AC3E00D9425D /* CurrentWeather.storyboard in Resources */,
				6A1C624B22F18E4E00D9425D /* WeatherListTableViewCell.xib in Resources */,
				6A1C623422F1886200D9425D /* Main.storyboard in Resources */,
				6A1C625322F1981300D9425D /* WeatherListSettingTableViewCell.xib in Resources */,
			);
			runOnlyForDeploymentPostprocessing = 0;
		};
/* End PBXResourcesBuildPhase section */

/* Begin PBXSourcesBuildPhase section */
		6A1C622722F1886200D9425D /* Sources */ = {
			isa = PBXSourcesBuildPhase;
			buildActionMask = 2147483647;
			files = (
				6A1C624A22F18E4E00D9425D /* WeatherListTableViewCell.swift in Sources */,
				6A1C624722F18CD100D9425D /* WeatherListViewController.swift in Sources */,
				6A1C626422F1FB3000D9425D /* APIRequest.swift in Sources */,
				6A1C626822F2D3C700D9425D /* SearchCitiesViewController.swift in Sources */,
				6A1C627522F56F2000D9425D /* Protocol+SelectWeather.swift in Sources */,
				6A1C624D22F18EE400D9425D /* CellReusable.swift in Sources */,
				6A1C625222F1981300D9425D /* WeatherListSettingTableViewCell.swift in Sources */,
				6A1C625D22F1B29500D9425D /* Weather.swift in Sources */,
				6A1C626222F1F97800D9425D /* APIError.swift in Sources */,
				6A1C626622F2915400D9425D /* APIResponse.swift in Sources */,
				6A1C627322F4AF8300D9425D /* BaseURL.swift in Sources */,
				6A1C625B22F1AE0F00D9425D /* CurrentViewController.swift in Sources */,
				6A1C626022F1F85600D9425D /* APICenter.swift in Sources */,
				6A1C624F22F190A600D9425D /* NibLoadable.swift in Sources */,
				6A1C625722F19CBA00D9425D /* Enum+WeatherList.swift in Sources */,
				6A1C627822F5EB8400D9425D /* NotificationKeys.swift in Sources */,
				6A1C623122F1886200D9425D /* ViewController.swift in Sources */,
				6A1C626D22F3F9AB00D9425D /* Extension+Double.swift in Sources */,
				6A1C622F22F1886200D9425D /* AppDelegate.swift in Sources */,
			);
			runOnlyForDeploymentPostprocessing = 0;
		};
/* End PBXSourcesBuildPhase section */

/* Begin PBXVariantGroup section */
		6A1C623222F1886200D9425D /* Main.storyboard */ = {
			isa = PBXVariantGroup;
			children = (
				6A1C623322F1886200D9425D /* Base */,
			);
			name = Main.storyboard;
			sourceTree = "<group>";
		};
		6A1C623722F1886800D9425D /* LaunchScreen.storyboard */ = {
			isa = PBXVariantGroup;
			children = (
				6A1C623822F1886800D9425D /* Base */,
			);
			name = LaunchScreen.storyboard;
			sourceTree = "<group>";
		};
/* End PBXVariantGroup section */

/* Begin XCBuildConfiguration section */
		6A1C623B22F1886800D9425D /* Debug */ = {
			isa = XCBuildConfiguration;
			buildSettings = {
				ALWAYS_SEARCH_USER_PATHS = NO;
				CLANG_ANALYZER_NONNULL = YES;
				CLANG_ANALYZER_NUMBER_OBJECT_CONVERSION = YES_AGGRESSIVE;
				CLANG_CXX_LANGUAGE_STANDARD = "gnu++14";
				CLANG_CXX_LIBRARY = "libc++";
				CLANG_ENABLE_MODULES = YES;
				CLANG_ENABLE_OBJC_ARC = YES;
				CLANG_ENABLE_OBJC_WEAK = YES;
				CLANG_WARN_BLOCK_CAPTURE_AUTORELEASING = YES;
				CLANG_WARN_BOOL_CONVERSION = YES;
				CLANG_WARN_COMMA = YES;
				CLANG_WARN_CONSTANT_CONVERSION = YES;
				CLANG_WARN_DEPRECATED_OBJC_IMPLEMENTATIONS = YES;
				CLANG_WARN_DIRECT_OBJC_ISA_USAGE = YES_ERROR;
				CLANG_WARN_DOCUMENTATION_COMMENTS = YES;
				CLANG_WARN_EMPTY_BODY = YES;
				CLANG_WARN_ENUM_CONVERSION = YES;
				CLANG_WARN_INFINITE_RECURSION = YES;
				CLANG_WARN_INT_CONVERSION = YES;
				CLANG_WARN_NON_LITERAL_NULL_CONVERSION = YES;
				CLANG_WARN_OBJC_IMPLICIT_RETAIN_SELF = YES;
				CLANG_WARN_OBJC_LITERAL_CONVERSION = YES;
				CLANG_WARN_OBJC_ROOT_CLASS = YES_ERROR;
				CLANG_WARN_RANGE_LOOP_ANALYSIS = YES;
				CLANG_WARN_STRICT_PROTOTYPES = YES;
				CLANG_WARN_SUSPICIOUS_MOVE = YES;
				CLANG_WARN_UNGUARDED_AVAILABILITY = YES_AGGRESSIVE;
				CLANG_WARN_UNREACHABLE_CODE = YES;
				CLANG_WARN__DUPLICATE_METHOD_MATCH = YES;
				CODE_SIGN_IDENTITY = "iPhone Developer";
				COPY_PHASE_STRIP = NO;
				DEBUG_INFORMATION_FORMAT = dwarf;
				ENABLE_STRICT_OBJC_MSGSEND = YES;
				ENABLE_TESTABILITY = YES;
				GCC_C_LANGUAGE_STANDARD = gnu11;
				GCC_DYNAMIC_NO_PIC = NO;
				GCC_NO_COMMON_BLOCKS = YES;
				GCC_OPTIMIZATION_LEVEL = 0;
				GCC_PREPROCESSOR_DEFINITIONS = (
					"DEBUG=1",
					"$(inherited)",
				);
				GCC_WARN_64_TO_32_BIT_CONVERSION = YES;
				GCC_WARN_ABOUT_RETURN_TYPE = YES_ERROR;
				GCC_WARN_UNDECLARED_SELECTOR = YES;
				GCC_WARN_UNINITIALIZED_AUTOS = YES_AGGRESSIVE;
				GCC_WARN_UNUSED_FUNCTION = YES;
				GCC_WARN_UNUSED_VARIABLE = YES;
				IPHONEOS_DEPLOYMENT_TARGET = 12.2;
				MTL_ENABLE_DEBUG_INFO = INCLUDE_SOURCE;
				MTL_FAST_MATH = YES;
				ONLY_ACTIVE_ARCH = YES;
				SDKROOT = iphoneos;
				SWIFT_ACTIVE_COMPILATION_CONDITIONS = DEBUG;
				SWIFT_OPTIMIZATION_LEVEL = "-Onone";
			};
			name = Debug;
		};
		6A1C623C22F1886800D9425D /* Release */ = {
			isa = XCBuildConfiguration;
			buildSettings = {
				ALWAYS_SEARCH_USER_PATHS = NO;
				CLANG_ANALYZER_NONNULL = YES;
				CLANG_ANALYZER_NUMBER_OBJECT_CONVERSION = YES_AGGRESSIVE;
				CLANG_CXX_LANGUAGE_STANDARD = "gnu++14";
				CLANG_CXX_LIBRARY = "libc++";
				CLANG_ENABLE_MODULES = YES;
				CLANG_ENABLE_OBJC_ARC = YES;
				CLANG_ENABLE_OBJC_WEAK = YES;
				CLANG_WARN_BLOCK_CAPTURE_AUTORELEASING = YES;
				CLANG_WARN_BOOL_CONVERSION = YES;
				CLANG_WARN_COMMA = YES;
				CLANG_WARN_CONSTANT_CONVERSION = YES;
				CLANG_WARN_DEPRECATED_OBJC_IMPLEMENTATIONS = YES;
				CLANG_WARN_DIRECT_OBJC_ISA_USAGE = YES_ERROR;
				CLANG_WARN_DOCUMENTATION_COMMENTS = YES;
				CLANG_WARN_EMPTY_BODY = YES;
				CLANG_WARN_ENUM_CONVERSION = YES;
				CLANG_WARN_INFINITE_RECURSION = YES;
				CLANG_WARN_INT_CONVERSION = YES;
				CLANG_WARN_NON_LITERAL_NULL_CONVERSION = YES;
				CLANG_WARN_OBJC_IMPLICIT_RETAIN_SELF = YES;
				CLANG_WARN_OBJC_LITERAL_CONVERSION = YES;
				CLANG_WARN_OBJC_ROOT_CLASS = YES_ERROR;
				CLANG_WARN_RANGE_LOOP_ANALYSIS = YES;
				CLANG_WARN_STRICT_PROTOTYPES = YES;
				CLANG_WARN_SUSPICIOUS_MOVE = YES;
				CLANG_WARN_UNGUARDED_AVAILABILITY = YES_AGGRESSIVE;
				CLANG_WARN_UNREACHABLE_CODE = YES;
				CLANG_WARN__DUPLICATE_METHOD_MATCH = YES;
				CODE_SIGN_IDENTITY = "iPhone Developer";
				COPY_PHASE_STRIP = NO;
				DEBUG_INFORMATION_FORMAT = "dwarf-with-dsym";
				ENABLE_NS_ASSERTIONS = NO;
				ENABLE_STRICT_OBJC_MSGSEND = YES;
				GCC_C_LANGUAGE_STANDARD = gnu11;
				GCC_NO_COMMON_BLOCKS = YES;
				GCC_WARN_64_TO_32_BIT_CONVERSION = YES;
				GCC_WARN_ABOUT_RETURN_TYPE = YES_ERROR;
				GCC_WARN_UNDECLARED_SELECTOR = YES;
				GCC_WARN_UNINITIALIZED_AUTOS = YES_AGGRESSIVE;
				GCC_WARN_UNUSED_FUNCTION = YES;
				GCC_WARN_UNUSED_VARIABLE = YES;
				IPHONEOS_DEPLOYMENT_TARGET = 12.2;
				MTL_ENABLE_DEBUG_INFO = NO;
				MTL_FAST_MATH = YES;
				SDKROOT = iphoneos;
				SWIFT_COMPILATION_MODE = wholemodule;
				SWIFT_OPTIMIZATION_LEVEL = "-O";
				VALIDATE_PRODUCT = YES;
			};
			name = Release;
		};
		6A1C623E22F1886800D9425D /* Debug */ = {
			isa = XCBuildConfiguration;
			buildSettings = {
				ASSETCATALOG_COMPILER_APPICON_NAME = AppIcon;
				CODE_SIGN_STYLE = Automatic;
				DEVELOPMENT_TEAM = H92U9KV5T2;
				INFOPLIST_FILE = WeatherAPP/Info.plist;
				IPHONEOS_DEPLOYMENT_TARGET = 12.1;
				LD_RUNPATH_SEARCH_PATHS = (
					"$(inherited)",
					"@executable_path/Frameworks",
				);
				PRODUCT_BUNDLE_IDENTIFIER = com.hyerikim.WeatherAPP;
				PRODUCT_NAME = "$(TARGET_NAME)";
				SWIFT_VERSION = 5.0;
				TARGETED_DEVICE_FAMILY = "1,2";
			};
			name = Debug;
		};
		6A1C623F22F1886800D9425D /* Release */ = {
			isa = XCBuildConfiguration;
			buildSettings = {
				ASSETCATALOG_COMPILER_APPICON_NAME = AppIcon;
				CODE_SIGN_STYLE = Automatic;
				DEVELOPMENT_TEAM = H92U9KV5T2;
				INFOPLIST_FILE = WeatherAPP/Info.plist;
				IPHONEOS_DEPLOYMENT_TARGET = 12.1;
				LD_RUNPATH_SEARCH_PATHS = (
					"$(inherited)",
					"@executable_path/Frameworks",
				);
				PRODUCT_BUNDLE_IDENTIFIER = com.hyerikim.WeatherAPP;
				PRODUCT_NAME = "$(TARGET_NAME)";
				SWIFT_VERSION = 5.0;
				TARGETED_DEVICE_FAMILY = "1,2";
			};
			name = Release;
		};
/* End XCBuildConfiguration section */

/* Begin XCConfigurationList section */
		6A1C622622F1886200D9425D /* Build configuration list for PBXProject "WeatherAPP" */ = {
			isa = XCConfigurationList;
			buildConfigurations = (
				6A1C623B22F1886800D9425D /* Debug */,
				6A1C623C22F1886800D9425D /* Release */,
			);
			defaultConfigurationIsVisible = 0;
			defaultConfigurationName = Release;
		};
		6A1C623D22F1886800D9425D /* Build configuration list for PBXNativeTarget "WeatherAPP" */ = {
			isa = XCConfigurationList;
			buildConfigurations = (
				6A1C623E22F1886800D9425D /* Debug */,
				6A1C623F22F1886800D9425D /* Release */,
			);
			defaultConfigurationIsVisible = 0;
			defaultConfigurationName = Release;
		};
/* End XCConfigurationList section */
	};
	rootObject = 6A1C622322F1886200D9425D /* Project object */;
}
